// !$*UTF8*$!
{
	archiveVersion = 1;
	classes = {
	};
	objectVersion = 55;
	objects = {

/* Begin PBXBuildFile section */
		3F738295EF9D874EA11A230D /* Pods_NimbleThrowAssertionFailureTests.framework in Frameworks */ = {isa = PBXBuildFile; fileRef = 8D72CB413999BA82D0912D41 /* Pods_NimbleThrowAssertionFailureTests.framework */; };
		6B0B2A8EF2CC6822D656E6F7 /* Pods_NimbleThrowAssertionFailure_NimbleThrowAssertionFailureUITests.framework in Frameworks */ = {isa = PBXBuildFile; fileRef = 68715900D3CE888DDF44BC51 /* Pods_NimbleThrowAssertionFailure_NimbleThrowAssertionFailureUITests.framework */; };
		7560224F22E1E90613238C64 /* Pods_NimbleThrowAssertionFailure.framework in Frameworks */ = {isa = PBXBuildFile; fileRef = 75BA0BB24A1697260AEE368A /* Pods_NimbleThrowAssertionFailure.framework */; };
		7D14364E27C5680C0053234E /* NimbleThrowAssertionFailureApp.swift in Sources */ = {isa = PBXBuildFile; fileRef = 7D14364D27C5680C0053234E /* NimbleThrowAssertionFailureApp.swift */; };
		7D14365027C5680C0053234E /* ContentView.swift in Sources */ = {isa = PBXBuildFile; fileRef = 7D14364F27C5680C0053234E /* ContentView.swift */; };
		7D14365227C5680D0053234E /* Assets.xcassets in Resources */ = {isa = PBXBuildFile; fileRef = 7D14365127C5680D0053234E /* Assets.xcassets */; };
		7D14365527C5680D0053234E /* Preview Assets.xcassets in Resources */ = {isa = PBXBuildFile; fileRef = 7D14365427C5680D0053234E /* Preview Assets.xcassets */; };
		7D14366927C5680E0053234E /* NimbleThrowAssertionFailureUITests.swift in Sources */ = {isa = PBXBuildFile; fileRef = 7D14366827C5680E0053234E /* NimbleThrowAssertionFailureUITests.swift */; };
		7D14366B27C5680E0053234E /* NimbleThrowAssertionFailureUITestsLaunchTests.swift in Sources */ = {isa = PBXBuildFile; fileRef = 7D14366A27C5680E0053234E /* NimbleThrowAssertionFailureUITestsLaunchTests.swift */; };
		7D14367827C5694E0053234E /* MyObject.swift in Sources */ = {isa = PBXBuildFile; fileRef = 7D14367727C5694E0053234E /* MyObject.swift */; };
		7D14367A27C569CE0053234E /* MyObjectSpec.swift in Sources */ = {isa = PBXBuildFile; fileRef = 7D14367927C569CE0053234E /* MyObjectSpec.swift */; };
/* End PBXBuildFile section */

/* Begin PBXContainerItemProxy section */
		7D14365B27C5680E0053234E /* PBXContainerItemProxy */ = {
			isa = PBXContainerItemProxy;
			containerPortal = 7D14364227C5680C0053234E /* Project object */;
			proxyType = 1;
			remoteGlobalIDString = 7D14364927C5680C0053234E;
			remoteInfo = NimbleThrowAssertionFailure;
		};
		7D14366527C5680E0053234E /* PBXContainerItemProxy */ = {
			isa = PBXContainerItemProxy;
			containerPortal = 7D14364227C5680C0053234E /* Project object */;
			proxyType = 1;
			remoteGlobalIDString = 7D14364927C5680C0053234E;
			remoteInfo = NimbleThrowAssertionFailure;
		};
/* End PBXContainerItemProxy section */

/* Begin PBXFileReference section */
		03A10B79E62AD41126AF309C /* Pods-NimbleThrowAssertionFailureTests.release.xcconfig */ = {isa = PBXFileReference; includeInIndex = 1; lastKnownFileType = text.xcconfig; name = "Pods-NimbleThrowAssertionFailureTests.release.xcconfig"; path = "Target Support Files/Pods-NimbleThrowAssertionFailureTests/Pods-NimbleThrowAssertionFailureTests.release.xcconfig"; sourceTree = "<group>"; };
		56B0FA7AD9181A2A2D012372 /* Pods-NimbleThrowAssertionFailure-NimbleThrowAssertionFailureUITests.debug.xcconfig */ = {isa = PBXFileReference; includeInIndex = 1; lastKnownFileType = text.xcconfig; name = "Pods-NimbleThrowAssertionFailure-NimbleThrowAssertionFailureUITests.debug.xcconfig"; path = "Target Support Files/Pods-NimbleThrowAssertionFailure-NimbleThrowAssertionFailureUITests/Pods-NimbleThrowAssertionFailure-NimbleThrowAssertionFailureUITests.debug.xcconfig"; sourceTree = "<group>"; };
		68715900D3CE888DDF44BC51 /* Pods_NimbleThrowAssertionFailure_NimbleThrowAssertionFailureUITests.framework */ = {isa = PBXFileReference; explicitFileType = wrapper.framework; includeInIndex = 0; path = Pods_NimbleThrowAssertionFailure_NimbleThrowAssertionFailureUITests.framework; sourceTree = BUILT_PRODUCTS_DIR; };
		75BA0BB24A1697260AEE368A /* Pods_NimbleThrowAssertionFailure.framework */ = {isa = PBXFileReference; explicitFileType = wrapper.framework; includeInIndex = 0; path = Pods_NimbleThrowAssertionFailure.framework; sourceTree = BUILT_PRODUCTS_DIR; };
		7A84B268981FFE3BC6A71B0F /* Pods-NimbleThrowAssertionFailure.debug.xcconfig */ = {isa = PBXFileReference; includeInIndex = 1; lastKnownFileType = text.xcconfig; name = "Pods-NimbleThrowAssertionFailure.debug.xcconfig"; path = "Target Support Files/Pods-NimbleThrowAssertionFailure/Pods-NimbleThrowAssertionFailure.debug.xcconfig"; sourceTree = "<group>"; };
		7D14364A27C5680C0053234E /* NimbleThrowAssertionFailure.app */ = {isa = PBXFileReference; explicitFileType = wrapper.application; includeInIndex = 0; path = NimbleThrowAssertionFailure.app; sourceTree = BUILT_PRODUCTS_DIR; };
		7D14364D27C5680C0053234E /* NimbleThrowAssertionFailureApp.swift */ = {isa = PBXFileReference; lastKnownFileType = sourcecode.swift; path = NimbleThrowAssertionFailureApp.swift; sourceTree = "<group>"; };
		7D14364F27C5680C0053234E /* ContentView.swift */ = {isa = PBXFileReference; lastKnownFileType = sourcecode.swift; path = ContentView.swift; sourceTree = "<group>"; };
		7D14365127C5680D0053234E /* Assets.xcassets */ = {isa = PBXFileReference; lastKnownFileType = folder.assetcatalog; path = Assets.xcassets; sourceTree = "<group>"; };
		7D14365427C5680D0053234E /* Preview Assets.xcassets */ = {isa = PBXFileReference; lastKnownFileType = folder.assetcatalog; path = "Preview Assets.xcassets"; sourceTree = "<group>"; };
		7D14365A27C5680E0053234E /* NimbleThrowAssertionFailureTests.xctest */ = {isa = PBXFileReference; explicitFileType = wrapper.cfbundle; includeInIndex = 0; path = NimbleThrowAssertionFailureTests.xctest; sourceTree = BUILT_PRODUCTS_DIR; };
		7D14366427C5680E0053234E /* NimbleThrowAssertionFailureUITests.xctest */ = {isa = PBXFileReference; explicitFileType = wrapper.cfbundle; includeInIndex = 0; path = NimbleThrowAssertionFailureUITests.xctest; sourceTree = BUILT_PRODUCTS_DIR; };
		7D14366827C5680E0053234E /* NimbleThrowAssertionFailureUITests.swift */ = {isa = PBXFileReference; lastKnownFileType = sourcecode.swift; path = NimbleThrowAssertionFailureUITests.swift; sourceTree = "<group>"; };
		7D14366A27C5680E0053234E /* NimbleThrowAssertionFailureUITestsLaunchTests.swift */ = {isa = PBXFileReference; lastKnownFileType = sourcecode.swift; path = NimbleThrowAssertionFailureUITestsLaunchTests.swift; sourceTree = "<group>"; };
		7D14367727C5694E0053234E /* MyObject.swift */ = {isa = PBXFileReference; lastKnownFileType = sourcecode.swift; path = MyObject.swift; sourceTree = "<group>"; };
		7D14367927C569CE0053234E /* MyObjectSpec.swift */ = {isa = PBXFileReference; lastKnownFileType = sourcecode.swift; path = MyObjectSpec.swift; sourceTree = "<group>"; };
		8D72CB413999BA82D0912D41 /* Pods_NimbleThrowAssertionFailureTests.framework */ = {isa = PBXFileReference; explicitFileType = wrapper.framework; includeInIndex = 0; path = Pods_NimbleThrowAssertionFailureTests.framework; sourceTree = BUILT_PRODUCTS_DIR; };
		9F3DE365836A5BC4AA6286F9 /* Pods-NimbleThrowAssertionFailureTests.debug.xcconfig */ = {isa = PBXFileReference; includeInIndex = 1; lastKnownFileType = text.xcconfig; name = "Pods-NimbleThrowAssertionFailureTests.debug.xcconfig"; path = "Target Support Files/Pods-NimbleThrowAssertionFailureTests/Pods-NimbleThrowAssertionFailureTests.debug.xcconfig"; sourceTree = "<group>"; };
		ACE42BF7813DB7DC279A87FC /* Pods-NimbleThrowAssertionFailure-NimbleThrowAssertionFailureUITests.release.xcconfig */ = {isa = PBXFileReference; includeInIndex = 1; lastKnownFileType = text.xcconfig; name = "Pods-NimbleThrowAssertionFailure-NimbleThrowAssertionFailureUITests.release.xcconfig"; path = "Target Support Files/Pods-NimbleThrowAssertionFailure-NimbleThrowAssertionFailureUITests/Pods-NimbleThrowAssertionFailure-NimbleThrowAssertionFailureUITests.release.xcconfig"; sourceTree = "<group>"; };
		BF47246650053BFA083534FB /* Pods-NimbleThrowAssertionFailure.release.xcconfig */ = {isa = PBXFileReference; includeInIndex = 1; lastKnownFileType = text.xcconfig; name = "Pods-NimbleThrowAssertionFailure.release.xcconfig"; path = "Target Support Files/Pods-NimbleThrowAssertionFailure/Pods-NimbleThrowAssertionFailure.release.xcconfig"; sourceTree = "<group>"; };
/* End PBXFileReference section */

/* Begin PBXFrameworksBuildPhase section */
		7D14364727C5680C0053234E /* Frameworks */ = {
			isa = PBXFrameworksBuildPhase;
			buildActionMask = 2147483647;
			files = (
				7560224F22E1E90613238C64 /* Pods_NimbleThrowAssertionFailure.framework in Frameworks */,
			);
			runOnlyForDeploymentPostprocessing = 0;
		};
		7D14365727C5680E0053234E /* Frameworks */ = {
			isa = PBXFrameworksBuildPhase;
			buildActionMask = 2147483647;
			files = (
				3F738295EF9D874EA11A230D /* Pods_NimbleThrowAssertionFailureTests.framework in Frameworks */,
			);
			runOnlyForDeploymentPostprocessing = 0;
		};
		7D14366127C5680E0053234E /* Frameworks */ = {
			isa = PBXFrameworksBuildPhase;
			buildActionMask = 2147483647;
			files = (
				6B0B2A8EF2CC6822D656E6F7 /* Pods_NimbleThrowAssertionFailure_NimbleThrowAssertionFailureUITests.framework in Frameworks */,
			);
			runOnlyForDeploymentPostprocessing = 0;
		};
/* End PBXFrameworksBuildPhase section */

/* Begin PBXGroup section */
		75CB25C990E567AAA4D3684E /* Frameworks */ = {
			isa = PBXGroup;
			children = (
				75BA0BB24A1697260AEE368A /* Pods_NimbleThrowAssertionFailure.framework */,
				68715900D3CE888DDF44BC51 /* Pods_NimbleThrowAssertionFailure_NimbleThrowAssertionFailureUITests.framework */,
				8D72CB413999BA82D0912D41 /* Pods_NimbleThrowAssertionFailureTests.framework */,
			);
			name = Frameworks;
			sourceTree = "<group>";
		};
		7D14364127C5680C0053234E = {
			isa = PBXGroup;
			children = (
				7D14364C27C5680C0053234E /* NimbleThrowAssertionFailure */,
				7D14365D27C5680E0053234E /* NimbleThrowAssertionFailureTests */,
				7D14366727C5680E0053234E /* NimbleThrowAssertionFailureUITests */,
				7D14364B27C5680C0053234E /* Products */,
				FF39B7D35916ABC669E899E1 /* Pods */,
				75CB25C990E567AAA4D3684E /* Frameworks */,
			);
			sourceTree = "<group>";
		};
		7D14364B27C5680C0053234E /* Products */ = {
			isa = PBXGroup;
			children = (
				7D14364A27C5680C0053234E /* NimbleThrowAssertionFailure.app */,
				7D14365A27C5680E0053234E /* NimbleThrowAssertionFailureTests.xctest */,
				7D14366427C5680E0053234E /* NimbleThrowAssertionFailureUITests.xctest */,
			);
			name = Products;
			sourceTree = "<group>";
		};
		7D14364C27C5680C0053234E /* NimbleThrowAssertionFailure */ = {
			isa = PBXGroup;
			children = (
				7D14367727C5694E0053234E /* MyObject.swift */,
				7D14364F27C5680C0053234E /* ContentView.swift */,
				7D14364D27C5680C0053234E /* NimbleThrowAssertionFailureApp.swift */,
				7D14365127C5680D0053234E /* Assets.xcassets */,
				7D14365327C5680D0053234E /* Preview Content */,
			);
			path = NimbleThrowAssertionFailure;
			sourceTree = "<group>";
		};
		7D14365327C5680D0053234E /* Preview Content */ = {
			isa = PBXGroup;
			children = (
				7D14365427C5680D0053234E /* Preview Assets.xcassets */,
			);
			path = "Preview Content";
			sourceTree = "<group>";
		};
		7D14365D27C5680E0053234E /* NimbleThrowAssertionFailureTests */ = {
			isa = PBXGroup;
			children = (
				7D14367927C569CE0053234E /* MyObjectSpec.swift */,
			);
			path = NimbleThrowAssertionFailureTests;
			sourceTree = "<group>";
		};
		7D14366727C5680E0053234E /* NimbleThrowAssertionFailureUITests */ = {
			isa = PBXGroup;
			children = (
				7D14366827C5680E0053234E /* NimbleThrowAssertionFailureUITests.swift */,
				7D14366A27C5680E0053234E /* NimbleThrowAssertionFailureUITestsLaunchTests.swift */,
			);
			path = NimbleThrowAssertionFailureUITests;
			sourceTree = "<group>";
		};
		FF39B7D35916ABC669E899E1 /* Pods */ = {
			isa = PBXGroup;
			children = (
				7A84B268981FFE3BC6A71B0F /* Pods-NimbleThrowAssertionFailure.debug.xcconfig */,
				BF47246650053BFA083534FB /* Pods-NimbleThrowAssertionFailure.release.xcconfig */,
				56B0FA7AD9181A2A2D012372 /* Pods-NimbleThrowAssertionFailure-NimbleThrowAssertionFailureUITests.debug.xcconfig */,
				ACE42BF7813DB7DC279A87FC /* Pods-NimbleThrowAssertionFailure-NimbleThrowAssertionFailureUITests.release.xcconfig */,
				9F3DE365836A5BC4AA6286F9 /* Pods-NimbleThrowAssertionFailureTests.debug.xcconfig */,
				03A10B79E62AD41126AF309C /* Pods-NimbleThrowAssertionFailureTests.release.xcconfig */,
			);
			path = Pods;
			sourceTree = "<group>";
		};
/* End PBXGroup section */

/* Begin PBXNativeTarget section */
		7D14364927C5680C0053234E /* NimbleThrowAssertionFailure */ = {
			isa = PBXNativeTarget;
			buildConfigurationList = 7D14366E27C5680E0053234E /* Build configuration list for PBXNativeTarget "NimbleThrowAssertionFailure" */;
			buildPhases = (
				B54F1FE676B1388637D15071 /* [CP] Check Pods Manifest.lock */,
				7D14364627C5680C0053234E /* Sources */,
				7D14364727C5680C0053234E /* Frameworks */,
				7D14364827C5680C0053234E /* Resources */,
			);
			buildRules = (
			);
			dependencies = (
			);
			name = NimbleThrowAssertionFailure;
			productName = NimbleThrowAssertionFailure;
			productReference = 7D14364A27C5680C0053234E /* NimbleThrowAssertionFailure.app */;
			productType = "com.apple.product-type.application";
		};
		7D14365927C5680E0053234E /* NimbleThrowAssertionFailureTests */ = {
			isa = PBXNativeTarget;
			buildConfigurationList = 7D14367127C5680E0053234E /* Build configuration list for PBXNativeTarget "NimbleThrowAssertionFailureTests" */;
			buildPhases = (
				1C18D734DA768266D5DAF9B0 /* [CP] Check Pods Manifest.lock */,
				7D14365627C5680E0053234E /* Sources */,
				7D14365727C5680E0053234E /* Frameworks */,
				7D14365827C5680E0053234E /* Resources */,
				F16AFEFE8DCBE046A37620AE /* [CP] Embed Pods Frameworks */,
			);
			buildRules = (
			);
			dependencies = (
				7D14365C27C5680E0053234E /* PBXTargetDependency */,
			);
			name = NimbleThrowAssertionFailureTests;
			productName = NimbleThrowAssertionFailureTests;
			productReference = 7D14365A27C5680E0053234E /* NimbleThrowAssertionFailureTests.xctest */;
			productType = "com.apple.product-type.bundle.unit-test";
		};
		7D14366327C5680E0053234E /* NimbleThrowAssertionFailureUITests */ = {
			isa = PBXNativeTarget;
			buildConfigurationList = 7D14367427C5680E0053234E /* Build configuration list for PBXNativeTarget "NimbleThrowAssertionFailureUITests" */;
			buildPhases = (
				F312C46862F38FA6F6876C66 /* [CP] Check Pods Manifest.lock */,
				7D14366027C5680E0053234E /* Sources */,
				7D14366127C5680E0053234E /* Frameworks */,
				7D14366227C5680E0053234E /* Resources */,
			);
			buildRules = (
			);
			dependencies = (
				7D14366627C5680E0053234E /* PBXTargetDependency */,
			);
			name = NimbleThrowAssertionFailureUITests;
			productName = NimbleThrowAssertionFailureUITests;
			productReference = 7D14366427C5680E0053234E /* NimbleThrowAssertionFailureUITests.xctest */;
			productType = "com.apple.product-type.bundle.ui-testing";
		};
/* End PBXNativeTarget section */

/* Begin PBXProject section */
		7D14364227C5680C0053234E /* Project object */ = {
			isa = PBXProject;
			attributes = {
				BuildIndependentTargetsInParallel = 1;
				LastSwiftUpdateCheck = 1320;
				LastUpgradeCheck = 1320;
				TargetAttributes = {
					7D14364927C5680C0053234E = {
						CreatedOnToolsVersion = 13.2.1;
					};
					7D14365927C5680E0053234E = {
						CreatedOnToolsVersion = 13.2.1;
						TestTargetID = 7D14364927C5680C0053234E;
					};
					7D14366327C5680E0053234E = {
						CreatedOnToolsVersion = 13.2.1;
						TestTargetID = 7D14364927C5680C0053234E;
					};
				};
			};
			buildConfigurationList = 7D14364527C5680C0053234E /* Build configuration list for PBXProject "NimbleThrowAssertionFailure" */;
			compatibilityVersion = "Xcode 13.0";
			developmentRegion = en;
			hasScannedForEncodings = 0;
			knownRegions = (
				en,
				Base,
			);
			mainGroup = 7D14364127C5680C0053234E;
			productRefGroup = 7D14364B27C5680C0053234E /* Products */;
			projectDirPath = "";
			projectRoot = "";
			targets = (
				7D14364927C5680C0053234E /* NimbleThrowAssertionFailure */,
				7D14365927C5680E0053234E /* NimbleThrowAssertionFailureTests */,
				7D14366327C5680E0053234E /* NimbleThrowAssertionFailureUITests */,
			);
		};
/* End PBXProject section */

/* Begin PBXResourcesBuildPhase section */
		7D14364827C5680C0053234E /* Resources */ = {
			isa = PBXResourcesBuildPhase;
			buildActionMask = 2147483647;
			files = (
				7D14365527C5680D0053234E /* Preview Assets.xcassets in Resources */,
				7D14365227C5680D0053234E /* Assets.xcassets in Resources */,
			);
			runOnlyForDeploymentPostprocessing = 0;
		};
		7D14365827C5680E0053234E /* Resources */ = {
			isa = PBXResourcesBuildPhase;
			buildActionMask = 2147483647;
			files = (
			);
			runOnlyForDeploymentPostprocessing = 0;
		};
		7D14366227C5680E0053234E /* Resources */ = {
			isa = PBXResourcesBuildPhase;
			buildActionMask = 2147483647;
			files = (
			);
			runOnlyForDeploymentPostprocessing = 0;
		};
/* End PBXResourcesBuildPhase section */

/* Begin PBXShellScriptBuildPhase section */
		1C18D734DA768266D5DAF9B0 /* [CP] Check Pods Manifest.lock */ = {
			isa = PBXShellScriptBuildPhase;
			buildActionMask = 2147483647;
			files = (
			);
			inputFileListPaths = (
			);
			inputPaths = (
				"${PODS_PODFILE_DIR_PATH}/Podfile.lock",
				"${PODS_ROOT}/Manifest.lock",
			);
			name = "[CP] Check Pods Manifest.lock";
			outputFileListPaths = (
			);
			outputPaths = (
				"$(DERIVED_FILE_DIR)/Pods-NimbleThrowAssertionFailureTests-checkManifestLockResult.txt",
			);
			runOnlyForDeploymentPostprocessing = 0;
			shellPath = /bin/sh;
			shellScript = "diff \"${PODS_PODFILE_DIR_PATH}/Podfile.lock\" \"${PODS_ROOT}/Manifest.lock\" > /dev/null\nif [ $? != 0 ] ; then\n    # print error to STDERR\n    echo \"error: The sandbox is not in sync with the Podfile.lock. Run 'pod install' or update your CocoaPods installation.\" >&2\n    exit 1\nfi\n# This output is used by Xcode 'outputs' to avoid re-running this script phase.\necho \"SUCCESS\" > \"${SCRIPT_OUTPUT_FILE_0}\"\n";
			showEnvVarsInLog = 0;
		};
		B54F1FE676B1388637D15071 /* [CP] Check Pods Manifest.lock */ = {
			isa = PBXShellScriptBuildPhase;
			buildActionMask = 2147483647;
			files = (
			);
			inputFileListPaths = (
			);
			inputPaths = (
				"${PODS_PODFILE_DIR_PATH}/Podfile.lock",
				"${PODS_ROOT}/Manifest.lock",
			);
			name = "[CP] Check Pods Manifest.lock";
			outputFileListPaths = (
			);
			outputPaths = (
				"$(DERIVED_FILE_DIR)/Pods-NimbleThrowAssertionFailure-checkManifestLockResult.txt",
			);
			runOnlyForDeploymentPostprocessing = 0;
			shellPath = /bin/sh;
			shellScript = "diff \"${PODS_PODFILE_DIR_PATH}/Podfile.lock\" \"${PODS_ROOT}/Manifest.lock\" > /dev/null\nif [ $? != 0 ] ; then\n    # print error to STDERR\n    echo \"error: The sandbox is not in sync with the Podfile.lock. Run 'pod install' or update your CocoaPods installation.\" >&2\n    exit 1\nfi\n# This output is used by Xcode 'outputs' to avoid re-running this script phase.\necho \"SUCCESS\" > \"${SCRIPT_OUTPUT_FILE_0}\"\n";
			showEnvVarsInLog = 0;
		};
		F16AFEFE8DCBE046A37620AE /* [CP] Embed Pods Frameworks */ = {
			isa = PBXShellScriptBuildPhase;
			buildActionMask = 2147483647;
			files = (
			);
			inputFileListPaths = (
				"${PODS_ROOT}/Target Support Files/Pods-NimbleThrowAssertionFailureTests/Pods-NimbleThrowAssertionFailureTests-frameworks-${CONFIGURATION}-input-files.xcfilelist",
			);
			name = "[CP] Embed Pods Frameworks";
			outputFileListPaths = (
				"${PODS_ROOT}/Target Support Files/Pods-NimbleThrowAssertionFailureTests/Pods-NimbleThrowAssertionFailureTests-frameworks-${CONFIGURATION}-output-files.xcfilelist",
			);
			runOnlyForDeploymentPostprocessing = 0;
			shellPath = /bin/sh;
			shellScript = "\"${PODS_ROOT}/Target Support Files/Pods-NimbleThrowAssertionFailureTests/Pods-NimbleThrowAssertionFailureTests-frameworks.sh\"\n";
			showEnvVarsInLog = 0;
		};
		F312C46862F38FA6F6876C66 /* [CP] Check Pods Manifest.lock */ = {
			isa = PBXShellScriptBuildPhase;
			buildActionMask = 2147483647;
			files = (
			);
			inputFileListPaths = (
			);
			inputPaths = (
				"${PODS_PODFILE_DIR_PATH}/Podfile.lock",
				"${PODS_ROOT}/Manifest.lock",
			);
			name = "[CP] Check Pods Manifest.lock";
			outputFileListPaths = (
			);
			outputPaths = (
				"$(DERIVED_FILE_DIR)/Pods-NimbleThrowAssertionFailure-NimbleThrowAssertionFailureUITests-checkManifestLockResult.txt",
			);
			runOnlyForDeploymentPostprocessing = 0;
			shellPath = /bin/sh;
			shellScript = "diff \"${PODS_PODFILE_DIR_PATH}/Podfile.lock\" \"${PODS_ROOT}/Manifest.lock\" > /dev/null\nif [ $? != 0 ] ; then\n    # print error to STDERR\n    echo \"error: The sandbox is not in sync with the Podfile.lock. Run 'pod install' or update your CocoaPods installation.\" >&2\n    exit 1\nfi\n# This output is used by Xcode 'outputs' to avoid re-running this script phase.\necho \"SUCCESS\" > \"${SCRIPT_OUTPUT_FILE_0}\"\n";
			showEnvVarsInLog = 0;
		};
/* End PBXShellScriptBuildPhase section */

/* Begin PBXSourcesBuildPhase section */
		7D14364627C5680C0053234E /* Sources */ = {
			isa = PBXSourcesBuildPhase;
			buildActionMask = 2147483647;
			files = (
				7D14365027C5680C0053234E /* ContentView.swift in Sources */,
				7D14367827C5694E0053234E /* MyObject.swift in Sources */,
				7D14364E27C5680C0053234E /* NimbleThrowAssertionFailureApp.swift in Sources */,
			);
			runOnlyForDeploymentPostprocessing = 0;
		};
		7D14365627C5680E0053234E /* Sources */ = {
			isa = PBXSourcesBuildPhase;
			buildActionMask = 2147483647;
			files = (
				7D14367A27C569CE0053234E /* MyObjectSpec.swift in Sources */,
			);
			runOnlyForDeploymentPostprocessing = 0;
		};
		7D14366027C5680E0053234E /* Sources */ = {
			isa = PBXSourcesBuildPhase;
			buildActionMask = 2147483647;
			files = (
				7D14366B27C5680E0053234E /* NimbleThrowAssertionFailureUITestsLaunchTests.swift in Sources */,
				7D14366927C5680E0053234E /* NimbleThrowAssertionFailureUITests.swift in Sources */,
			);
			runOnlyForDeploymentPostprocessing = 0;
		};
/* End PBXSourcesBuildPhase section */

/* Begin PBXTargetDependency section */
		7D14365C27C5680E0053234E /* PBXTargetDependency */ = {
			isa = PBXTargetDependency;
			target = 7D14364927C5680C0053234E /* NimbleThrowAssertionFailure */;
			targetProxy = 7D14365B27C5680E0053234E /* PBXContainerItemProxy */;
		};
		7D14366627C5680E0053234E /* PBXTargetDependency */ = {
			isa = PBXTargetDependency;
			target = 7D14364927C5680C0053234E /* NimbleThrowAssertionFailure */;
			targetProxy = 7D14366527C5680E0053234E /* PBXContainerItemProxy */;
		};
/* End PBXTargetDependency section */

/* Begin XCBuildConfiguration section */
		7D14366C27C5680E0053234E /* Debug */ = {
			isa = XCBuildConfiguration;
			buildSettings = {
				ALWAYS_SEARCH_USER_PATHS = NO;
				CLANG_ANALYZER_NONNULL = YES;
				CLANG_ANALYZER_NUMBER_OBJECT_CONVERSION = YES_AGGRESSIVE;
				CLANG_CXX_LANGUAGE_STANDARD = "gnu++17";
				CLANG_CXX_LIBRARY = "libc++";
				CLANG_ENABLE_MODULES = YES;
				CLANG_ENABLE_OBJC_ARC = YES;
				CLANG_ENABLE_OBJC_WEAK = YES;
				CLANG_WARN_BLOCK_CAPTURE_AUTORELEASING = YES;
				CLANG_WARN_BOOL_CONVERSION = YES;
				CLANG_WARN_COMMA = YES;
				CLANG_WARN_CONSTANT_CONVERSION = YES;
				CLANG_WARN_DEPRECATED_OBJC_IMPLEMENTATIONS = YES;
				CLANG_WARN_DIRECT_OBJC_ISA_USAGE = YES_ERROR;
				CLANG_WARN_DOCUMENTATION_COMMENTS = YES;
				CLANG_WARN_EMPTY_BODY = YES;
				CLANG_WARN_ENUM_CONVERSION = YES;
				CLANG_WARN_INFINITE_RECURSION = YES;
				CLANG_WARN_INT_CONVERSION = YES;
				CLANG_WARN_NON_LITERAL_NULL_CONVERSION = YES;
				CLANG_WARN_OBJC_IMPLICIT_RETAIN_SELF = YES;
				CLANG_WARN_OBJC_LITERAL_CONVERSION = YES;
				CLANG_WARN_OBJC_ROOT_CLASS = YES_ERROR;
				CLANG_WARN_QUOTED_INCLUDE_IN_FRAMEWORK_HEADER = YES;
				CLANG_WARN_RANGE_LOOP_ANALYSIS = YES;
				CLANG_WARN_STRICT_PROTOTYPES = YES;
				CLANG_WARN_SUSPICIOUS_MOVE = YES;
				CLANG_WARN_UNGUARDED_AVAILABILITY = YES_AGGRESSIVE;
				CLANG_WARN_UNREACHABLE_CODE = YES;
				CLANG_WARN__DUPLICATE_METHOD_MATCH = YES;
				COPY_PHASE_STRIP = NO;
				DEBUG_INFORMATION_FORMAT = dwarf;
				ENABLE_STRICT_OBJC_MSGSEND = YES;
				ENABLE_TESTABILITY = YES;
				GCC_C_LANGUAGE_STANDARD = gnu11;
				GCC_DYNAMIC_NO_PIC = NO;
				GCC_NO_COMMON_BLOCKS = YES;
				GCC_OPTIMIZATION_LEVEL = 0;
				GCC_PREPROCESSOR_DEFINITIONS = (
					"DEBUG=1",
					"$(inherited)",
				);
				GCC_WARN_64_TO_32_BIT_CONVERSION = YES;
				GCC_WARN_ABOUT_RETURN_TYPE = YES_ERROR;
				GCC_WARN_UNDECLARED_SELECTOR = YES;
				GCC_WARN_UNINITIALIZED_AUTOS = YES_AGGRESSIVE;
				GCC_WARN_UNUSED_FUNCTION = YES;
				GCC_WARN_UNUSED_VARIABLE = YES;
				IPHONEOS_DEPLOYMENT_TARGET = 15.2;
				MTL_ENABLE_DEBUG_INFO = INCLUDE_SOURCE;
				MTL_FAST_MATH = YES;
				ONLY_ACTIVE_ARCH = YES;
				SDKROOT = iphoneos;
				SWIFT_ACTIVE_COMPILATION_CONDITIONS = DEBUG;
				SWIFT_OPTIMIZATION_LEVEL = "-Onone";
			};
			name = Debug;
		};
		7D14366D27C5680E0053234E /* Release */ = {
			isa = XCBuildConfiguration;
			buildSettings = {
				ALWAYS_SEARCH_USER_PATHS = NO;
				CLANG_ANALYZER_NONNULL = YES;
				CLANG_ANALYZER_NUMBER_OBJECT_CONVERSION = YES_AGGRESSIVE;
				CLANG_CXX_LANGUAGE_STANDARD = "gnu++17";
				CLANG_CXX_LIBRARY = "libc++";
				CLANG_ENABLE_MODULES = YES;
				CLANG_ENABLE_OBJC_ARC = YES;
				CLANG_ENABLE_OBJC_WEAK = YES;
				CLANG_WARN_BLOCK_CAPTURE_AUTORELEASING = YES;
				CLANG_WARN_BOOL_CONVERSION = YES;
				CLANG_WARN_COMMA = YES;
				CLANG_WARN_CONSTANT_CONVERSION = YES;
				CLANG_WARN_DEPRECATED_OBJC_IMPLEMENTATIONS = YES;
				CLANG_WARN_DIRECT_OBJC_ISA_USAGE = YES_ERROR;
				CLANG_WARN_DOCUMENTATION_COMMENTS = YES;
				CLANG_WARN_EMPTY_BODY = YES;
				CLANG_WARN_ENUM_CONVERSION = YES;
				CLANG_WARN_INFINITE_RECURSION = YES;
				CLANG_WARN_INT_CONVERSION = YES;
				CLANG_WARN_NON_LITERAL_NULL_CONVERSION = YES;
				CLANG_WARN_OBJC_IMPLICIT_RETAIN_SELF = YES;
				CLANG_WARN_OBJC_LITERAL_CONVERSION = YES;
				CLANG_WARN_OBJC_ROOT_CLASS = YES_ERROR;
				CLANG_WARN_QUOTED_INCLUDE_IN_FRAMEWORK_HEADER = YES;
				CLANG_WARN_RANGE_LOOP_ANALYSIS = YES;
				CLANG_WARN_STRICT_PROTOTYPES = YES;
				CLANG_WARN_SUSPICIOUS_MOVE = YES;
				CLANG_WARN_UNGUARDED_AVAILABILITY = YES_AGGRESSIVE;
				CLANG_WARN_UNREACHABLE_CODE = YES;
				CLANG_WARN__DUPLICATE_METHOD_MATCH = YES;
				COPY_PHASE_STRIP = NO;
				DEBUG_INFORMATION_FORMAT = "dwarf-with-dsym";
				ENABLE_NS_ASSERTIONS = NO;
				ENABLE_STRICT_OBJC_MSGSEND = YES;
				GCC_C_LANGUAGE_STANDARD = gnu11;
				GCC_NO_COMMON_BLOCKS = YES;
				GCC_WARN_64_TO_32_BIT_CONVERSION = YES;
				GCC_WARN_ABOUT_RETURN_TYPE = YES_ERROR;
				GCC_WARN_UNDECLARED_SELECTOR = YES;
				GCC_WARN_UNINITIALIZED_AUTOS = YES_AGGRESSIVE;
				GCC_WARN_UNUSED_FUNCTION = YES;
				GCC_WARN_UNUSED_VARIABLE = YES;
				IPHONEOS_DEPLOYMENT_TARGET = 15.2;
				MTL_ENABLE_DEBUG_INFO = NO;
				MTL_FAST_MATH = YES;
				SDKROOT = iphoneos;
				SWIFT_COMPILATION_MODE = wholemodule;
				SWIFT_OPTIMIZATION_LEVEL = "-O";
				VALIDATE_PRODUCT = YES;
			};
			name = Release;
		};
		7D14366F27C5680E0053234E /* Debug */ = {
			isa = XCBuildConfiguration;
			baseConfigurationReference = 7A84B268981FFE3BC6A71B0F /* Pods-NimbleThrowAssertionFailure.debug.xcconfig */;
			buildSettings = {
				ASSETCATALOG_COMPILER_APPICON_NAME = AppIcon;
				ASSETCATALOG_COMPILER_GLOBAL_ACCENT_COLOR_NAME = AccentColor;
				CODE_SIGN_STYLE = Automatic;
				CURRENT_PROJECT_VERSION = 1;
				DEVELOPMENT_ASSET_PATHS = "\"NimbleThrowAssertionFailure/Preview Content\"";
				ENABLE_PREVIEWS = YES;
				GENERATE_INFOPLIST_FILE = YES;
				INFOPLIST_KEY_UIApplicationSceneManifest_Generation = YES;
				INFOPLIST_KEY_UIApplicationSupportsIndirectInputEvents = YES;
				INFOPLIST_KEY_UILaunchScreen_Generation = YES;
				INFOPLIST_KEY_UISupportedInterfaceOrientations_iPad = "UIInterfaceOrientationPortrait UIInterfaceOrientationPortraitUpsideDown UIInterfaceOrientationLandscapeLeft UIInterfaceOrientationLandscapeRight";
				INFOPLIST_KEY_UISupportedInterfaceOrientations_iPhone = "UIInterfaceOrientationPortrait UIInterfaceOrientationLandscapeLeft UIInterfaceOrientationLandscapeRight";
				LD_RUNPATH_SEARCH_PATHS = (
					"$(inherited)",
					"@executable_path/Frameworks",
				);
				MARKETING_VERSION = 1.0;
				PRODUCT_BUNDLE_IDENTIFIER = nathanernestfuller.NimbleThrowAssertionFailure;
				PRODUCT_NAME = "$(TARGET_NAME)";
				SWIFT_EMIT_LOC_STRINGS = YES;
				SWIFT_VERSION = 5.0;
				TARGETED_DEVICE_FAMILY = "1,2";
			};
			name = Debug;
		};
		7D14367027C5680E0053234E /* Release */ = {
			isa = XCBuildConfiguration;
			baseConfigurationReference = BF47246650053BFA083534FB /* Pods-NimbleThrowAssertionFailure.release.xcconfig */;
			buildSettings = {
				ASSETCATALOG_COMPILER_APPICON_NAME = AppIcon;
				ASSETCATALOG_COMPILER_GLOBAL_ACCENT_COLOR_NAME = AccentColor;
				CODE_SIGN_STYLE = Automatic;
				CURRENT_PROJECT_VERSION = 1;
				DEVELOPMENT_ASSET_PATHS = "\"NimbleThrowAssertionFailure/Preview Content\"";
				ENABLE_PREVIEWS = YES;
				GENERATE_INFOPLIST_FILE = YES;
				INFOPLIST_KEY_UIApplicationSceneManifest_Generation = YES;
				INFOPLIST_KEY_UIApplicationSupportsIndirectInputEvents = YES;
				INFOPLIST_KEY_UILaunchScreen_Generation = YES;
				INFOPLIST_KEY_UISupportedInterfaceOrientations_iPad = "UIInterfaceOrientationPortrait UIInterfaceOrientationPortraitUpsideDown UIInterfaceOrientationLandscapeLeft UIInterfaceOrientationLandscapeRight";
				INFOPLIST_KEY_UISupportedInterfaceOrientations_iPhone = "UIInterfaceOrientationPortrait UIInterfaceOrientationLandscapeLeft UIInterfaceOrientationLandscapeRight";
				LD_RUNPATH_SEARCH_PATHS = (
					"$(inherited)",
					"@executable_path/Frameworks",
				);
				MARKETING_VERSION = 1.0;
				PRODUCT_BUNDLE_IDENTIFIER = nathanernestfuller.NimbleThrowAssertionFailure;
				PRODUCT_NAME = "$(TARGET_NAME)";
				SWIFT_EMIT_LOC_STRINGS = YES;
				SWIFT_VERSION = 5.0;
				TARGETED_DEVICE_FAMILY = "1,2";
			};
			name = Release;
		};
		7D14367227C5680E0053234E /* Debug */ = {
			isa = XCBuildConfiguration;
			baseConfigurationReference = 9F3DE365836A5BC4AA6286F9 /* Pods-NimbleThrowAssertionFailureTests.debug.xcconfig */;
			buildSettings = {
				BUNDLE_LOADER = "$(TEST_HOST)";
				CODE_SIGN_STYLE = Automatic;
				CURRENT_PROJECT_VERSION = 1;
				GENERATE_INFOPLIST_FILE = YES;
				IPHONEOS_DEPLOYMENT_TARGET = 15.2;
				MARKETING_VERSION = 1.0;
				PRODUCT_BUNDLE_IDENTIFIER = nathanernestfuller.NimbleThrowAssertionFailureTests;
				PRODUCT_NAME = "$(TARGET_NAME)";
				SWIFT_EMIT_LOC_STRINGS = NO;
				SWIFT_VERSION = 5.0;
				TARGETED_DEVICE_FAMILY = "1,2";
				TEST_HOST = "$(BUILT_PRODUCTS_DIR)/NimbleThrowAssertionFailure.app/NimbleThrowAssertionFailure";
			};
			name = Debug;
		};
		7D14367327C5680E0053234E /* Release */ = {
			isa = XCBuildConfiguration;
			baseConfigurationReference = 03A10B79E62AD41126AF309C /* Pods-NimbleThrowAssertionFailureTests.release.xcconfig */;
			buildSettings = {
				BUNDLE_LOADER = "$(TEST_HOST)";
				CODE_SIGN_STYLE = Automatic;
				CURRENT_PROJECT_VERSION = 1;
				GENERATE_INFOPLIST_FILE = YES;
				IPHONEOS_DEPLOYMENT_TARGET = 15.2;
				MARKETING_VERSION = 1.0;
				PRODUCT_BUNDLE_IDENTIFIER = nathanernestfuller.NimbleThrowAssertionFailureTests;
				PRODUCT_NAME = "$(TARGET_NAME)";
				SWIFT_EMIT_LOC_STRINGS = NO;
				SWIFT_VERSION = 5.0;
				TARGETED_DEVICE_FAMILY = "1,2";
				TEST_HOST = "$(BUILT_PRODUCTS_DIR)/NimbleThrowAssertionFailure.app/NimbleThrowAssertionFailure";
			};
			name = Release;
		};
		7D14367527C5680E0053234E /* Debug */ = {
			isa = XCBuildConfiguration;
			baseConfigurationReference = 56B0FA7AD9181A2A2D012372 /* Pods-NimbleThrowAssertionFailure-NimbleThrowAssertionFailureUITests.debug.xcconfig */;
			buildSettings = {
				ALWAYS_EMBED_SWIFT_STANDARD_LIBRARIES = YES;
				CODE_SIGN_STYLE = Automatic;
				CURRENT_PROJECT_VERSION = 1;
				GENERATE_INFOPLIST_FILE = YES;
				MARKETING_VERSION = 1.0;
				PRODUCT_BUNDLE_IDENTIFIER = nathanernestfuller.NimbleThrowAssertionFailureUITests;
				PRODUCT_NAME = "$(TARGET_NAME)";
				SWIFT_EMIT_LOC_STRINGS = NO;
				SWIFT_VERSION = 5.0;
				TARGETED_DEVICE_FAMILY = "1,2";
				TEST_TARGET_NAME = NimbleThrowAssertionFailure;
			};
			name = Debug;
		};
		7D14367627C5680E0053234E /* Release */ = {
			isa = XCBuildConfiguration;
			baseConfigurationReference = ACE42BF7813DB7DC279A87FC /* Pods-NimbleThrowAssertionFailure-NimbleThrowAssertionFailureUITests.release.xcconfig */;
			buildSettings = {
				ALWAYS_EMBED_SWIFT_STANDARD_LIBRARIES = YES;
				CODE_SIGN_STYLE = Automatic;
				CURRENT_PROJECT_VERSION = 1;
				GENERATE_INFOPLIST_FILE = YES;
				MARKETING_VERSION = 1.0;
				PRODUCT_BUNDLE_IDENTIFIER = nathanernestfuller.NimbleThrowAssertionFailureUITests;
				PRODUCT_NAME = "$(TARGET_NAME)";
				SWIFT_EMIT_LOC_STRINGS = NO;
				SWIFT_VERSION = 5.0;
				TARGETED_DEVICE_FAMILY = "1,2";
				TEST_TARGET_NAME = NimbleThrowAssertionFailure;
			};
			name = Release;
		};
/* End XCBuildConfiguration section */

/* Begin XCConfigurationList section */
		7D14364527C5680C0053234E /* Build configuration list for PBXProject "NimbleThrowAssertionFailure" */ = {
			isa = XCConfigurationList;
			buildConfigurations = (
				7D14366C27C5680E0053234E /* Debug */,
				7D14366D27C5680E0053234E /* Release */,
			);
			defaultConfigurationIsVisible = 0;
			defaultConfigurationName = Release;
		};
		7D14366E27C5680E0053234E /* Build configuration list for PBXNativeTarget "NimbleThrowAssertionFailure" */ = {
			isa = XCConfigurationList;
			buildConfigurations = (
				7D14366F27C5680E0053234E /* Debug */,
				7D14367027C5680E0053234E /* Release */,
			);
			defaultConfigurationIsVisible = 0;
			defaultConfigurationName = Release;
		};
		7D14367127C5680E0053234E /* Build configuration list for PBXNativeTarget "NimbleThrowAssertionFailureTests" */ = {
			isa = XCConfigurationList;
			buildConfigurations = (
				7D14367227C5680E0053234E /* Debug */,
				7D14367327C5680E0053234E /* Release */,
			);
			defaultConfigurationIsVisible = 0;
			defaultConfigurationName = Release;
		};
		7D14367427C5680E0053234E /* Build configuration list for PBXNativeTarget "NimbleThrowAssertionFailureUITests" */ = {
			isa = XCConfigurationList;
			buildConfigurations = (
				7D14367527C5680E0053234E /* Debug */,
				7D14367627C5680E0053234E /* Release */,
			);
			defaultConfigurationIsVisible = 0;
			defaultConfigurationName = Release;
		};
/* End XCConfigurationList section */
	};
	rootObject = 7D14364227C5680C0053234E /* Project object */;
}
